
Microsoft Visual Studio Solution File, Format Version 12.00
Project("{FAE04EC0-301F-11D3-BF4B-00C04F79EFBC}") = "SimpleWebServer", "SimpleWebServer\SimpleWebServer.csproj", "{0CB01EC6-EFAD-4AD3-A734-B45831D3DC58}"
EndProject
Global
	GlobalSection(SolutionConfigurationPlatforms) = preSolution
		Debug|Any CPU = Debug|Any CPU
		Release|Any CPU = Release|Any CPU
	EndGlobalSection
	GlobalSection(ProjectConfigurationPlatforms) = postSolution
		{0CB01EC6-EFAD-4AD3-A734-B45831D3DC58}.Debug|Any CPU.ActiveCfg = Debug|Any CPU
		{0CB01EC6-EFAD-4AD3-A734-B45831D3DC58}.Debug|Any CPU.Build.0 = Debug|Any CPU
		{0CB01EC6-EFAD-4AD3-A734-B45831D3DC58}.Release|Any CPU.ActiveCfg = Release|Any CPU
		{0CB01EC6-EFAD-4AD3-A734-B45831D3DC58}.Release|Any CPU.Build.0 = Release|Any CPU
	EndGlobalSection
EndGlobal
